
Microsoft Visual Studio Solution File, Format Version 12.00
# Visual Studio Version 16
VisualStudioVersion = 16.0.31624.102
MinimumVisualStudioVersion = 10.0.40219.1
Project("{FAE04EC0-301F-11D3-BF4B-00C04F79EFBC}") = "cardGame", "cardGame.csproj", "{0FAA6612-8E38-4E97-9683-3138350C888C}"
EndProject
Global
	GlobalSection(SolutionConfigurationPlatforms) = preSolution
		Debug|Any CPU = Debug|Any CPU
		Release|Any CPU = Release|Any CPU
	EndGlobalSection
	GlobalSection(ProjectConfigurationPlatforms) = postSolution
		{0FAA6612-8E38-4E97-9683-3138350C888C}.Debug|Any CPU.ActiveCfg = Debug|Any CPU
		{0FAA6612-8E38-4E97-9683-3138350C888C}.Debug|Any CPU.Build.0 = Debug|Any CPU
		{0FAA6612-8E38-4E97-9683-3138350C888C}.Release|Any CPU.ActiveCfg = Release|Any CPU
		{0FAA6612-8E38-4E97-9683-3138350C888C}.Release|Any CPU.Build.0 = Release|Any CPU
	EndGlobalSection
	GlobalSection(SolutionProperties) = preSolution
		HideSolutionNode = FALSE
	EndGlobalSection
	GlobalSection(ExtensibilityGlobals) = postSolution
		SolutionGuid = {F5AF97AF-5A74-4421-B1AB-411E9E392ECE}
	EndGlobalSection
EndGlobal
